
Microsoft Visual Studio Solution File, Format Version 12.00
# Visual Studio 2012
Project("{FAE04EC0-301F-11D3-BF4B-00C04F79EFBC}") = "FinancialStatmentsProcessor", "FinancialStatmentsProcessor\FinancialStatmentsProcessor.csproj", "{7C6AF2CC-89DE-42AD-A65A-0394A1CF4910}"
EndProject
Project("{FAE04EC0-301F-11D3-BF4B-00C04F79EFBC}") = "FSP.Common", "FSP.Common\FSP.Common.csproj", "{E42B15BC-0C71-4100-B9BF-4462780C9311}"
EndProject
Project("{FAE04EC0-301F-11D3-BF4B-00C04F79EFBC}") = "FSP.DataAccess", "FSP.DataAccess\FSP.DataAccess.csproj", "{5626C2E3-C6AE-44DF-A932-2329BD01FF05}"
EndProject
Project("{FAE04EC0-301F-11D3-BF4B-00C04F79EFBC}") = "FSP.Windows", "FSP.Windows\FSP.Windows.csproj", "{B35B8C0A-2D1F-4341-A578-F0F1EC193B02}"
EndProject
Project("{FAE04EC0-301F-11D3-BF4B-00C04F79EFBC}") = "FSP.Domain", "FSP.Domain\FSP.Domain.csproj", "{0DDEA40B-7CEE-4E42-98CC-210E610252A8}"
EndProject
Global
	GlobalSection(SolutionConfigurationPlatforms) = preSolution
		Debug|Any CPU = Debug|Any CPU
		Release|Any CPU = Release|Any CPU
	EndGlobalSection
	GlobalSection(ProjectConfigurationPlatforms) = postSolution
		{7C6AF2CC-89DE-42AD-A65A-0394A1CF4910}.Debug|Any CPU.ActiveCfg = Debug|Any CPU
		{7C6AF2CC-89DE-42AD-A65A-0394A1CF4910}.Debug|Any CPU.Build.0 = Debug|Any CPU
		{7C6AF2CC-89DE-42AD-A65A-0394A1CF4910}.Release|Any CPU.ActiveCfg = Release|Any CPU
		{7C6AF2CC-89DE-42AD-A65A-0394A1CF4910}.Release|Any CPU.Build.0 = Release|Any CPU
		{E42B15BC-0C71-4100-B9BF-4462780C9311}.Debug|Any CPU.ActiveCfg = Debug|Any CPU
		{E42B15BC-0C71-4100-B9BF-4462780C9311}.Debug|Any CPU.Build.0 = Debug|Any CPU
		{E42B15BC-0C71-4100-B9BF-4462780C9311}.Release|Any CPU.ActiveCfg = Release|Any CPU
		{E42B15BC-0C71-4100-B9BF-4462780C9311}.Release|Any CPU.Build.0 = Release|Any CPU
		{5626C2E3-C6AE-44DF-A932-2329BD01FF05}.Debug|Any CPU.ActiveCfg = Debug|Any CPU
		{5626C2E3-C6AE-44DF-A932-2329BD01FF05}.Debug|Any CPU.Build.0 = Debug|Any CPU
		{5626C2E3-C6AE-44DF-A932-2329BD01FF05}.Release|Any CPU.ActiveCfg = Release|Any CPU
		{5626C2E3-C6AE-44DF-A932-2329BD01FF05}.Release|Any CPU.Build.0 = Release|Any CPU
		{B35B8C0A-2D1F-4341-A578-F0F1EC193B02}.Debug|Any CPU.ActiveCfg = Debug|Any CPU
		{B35B8C0A-2D1F-4341-A578-F0F1EC193B02}.Debug|Any CPU.Build.0 = Debug|Any CPU
		{B35B8C0A-2D1F-4341-A578-F0F1EC193B02}.Release|Any CPU.ActiveCfg = Release|Any CPU
		{B35B8C0A-2D1F-4341-A578-F0F1EC193B02}.Release|Any CPU.Build.0 = Release|Any CPU
		{0DDEA40B-7CEE-4E42-98CC-210E610252A8}.Debug|Any CPU.ActiveCfg = Debug|Any CPU
		{0DDEA40B-7CEE-4E42-98CC-210E610252A8}.Debug|Any CPU.Build.0 = Debug|Any CPU
		{0DDEA40B-7CEE-4E42-98CC-210E610252A8}.Release|Any CPU.ActiveCfg = Release|Any CPU
		{0DDEA40B-7CEE-4E42-98CC-210E610252A8}.Release|Any CPU.Build.0 = Release|Any CPU
	EndGlobalSection
	GlobalSection(SolutionProperties) = preSolution
		HideSolutionNode = FALSE
	EndGlobalSection
EndGlobal
